Microsoft Visual Studio Solution File, Format Version 12.00
# Visual Studio Version 16
VisualStudioVersion = 16.0.30114.105
MinimumVisualStudioVersion = 10.0.40219.1
Project("{FAE04EC0-301F-11D3-BF4B-00C04F79EFBC}") = "API", "API\API.csproj", "{65A3C0C0-1E22-412D-B57C-640307B14BDA}"
EndProject
Project("{FAE04EC0-301F-11D3-BF4B-00C04F79EFBC}") = "Core", "Core\Core.csproj", "{74C3F67B-4CEF-4EB3-B24F-BDE9117F6727}"
EndProject
Project("{FAE04EC0-301F-11D3-BF4B-00C04F79EFBC}") = "Infrastructure", "infrastructure\Infrastructure.csproj", "{65F73E1D-44BA-4AC6-8520-92C5466FAA1C}"
EndProject
Global
	GlobalSection(SolutionConfigurationPlatforms) = preSolution
		Debug|Any CPU = Debug|Any CPU
		Debug|x64 = Debug|x64
		Debug|x86 = Debug|x86
		Release|Any CPU = Release|Any CPU
		Release|x64 = Release|x64
		Release|x86 = Release|x86
	EndGlobalSection
	GlobalSection(SolutionProperties) = preSolution
		HideSolutionNode = FALSE
	EndGlobalSection
	GlobalSection(ProjectConfigurationPlatforms) = postSolution
		{65A3C0C0-1E22-412D-B57C-640307B14BDA}.Debug|Any CPU.ActiveCfg = Debug|Any CPU
		{65A3C0C0-1E22-412D-B57C-640307B14BDA}.Debug|Any CPU.Build.0 = Debug|Any CPU
		{65A3C0C0-1E22-412D-B57C-640307B14BDA}.Debug|x64.ActiveCfg = Debug|Any CPU
		{65A3C0C0-1E22-412D-B57C-640307B14BDA}.Debug|x64.Build.0 = Debug|Any CPU
		{65A3C0C0-1E22-412D-B57C-640307B14BDA}.Debug|x86.ActiveCfg = Debug|Any CPU
		{65A3C0C0-1E22-412D-B57C-640307B14BDA}.Debug|x86.Build.0 = Debug|Any CPU
		{65A3C0C0-1E22-412D-B57C-640307B14BDA}.Release|Any CPU.ActiveCfg = Release|Any CPU
		{65A3C0C0-1E22-412D-B57C-640307B14BDA}.Release|Any CPU.Build.0 = Release|Any CPU
		{65A3C0C0-1E22-412D-B57C-640307B14BDA}.Release|x64.ActiveCfg = Release|Any CPU
		{65A3C0C0-1E22-412D-B57C-640307B14BDA}.Release|x64.Build.0 = Release|Any CPU
		{65A3C0C0-1E22-412D-B57C-640307B14BDA}.Release|x86.ActiveCfg = Release|Any CPU
		{65A3C0C0-1E22-412D-B57C-640307B14BDA}.Release|x86.Build.0 = Release|Any CPU
		{74C3F67B-4CEF-4EB3-B24F-BDE9117F6727}.Debug|Any CPU.ActiveCfg = Debug|Any CPU
		{74C3F67B-4CEF-4EB3-B24F-BDE9117F6727}.Debug|Any CPU.Build.0 = Debug|Any CPU
		{74C3F67B-4CEF-4EB3-B24F-BDE9117F6727}.Debug|x64.ActiveCfg = Debug|Any CPU
		{74C3F67B-4CEF-4EB3-B24F-BDE9117F6727}.Debug|x64.Build.0 = Debug|Any CPU
		{74C3F67B-4CEF-4EB3-B24F-BDE9117F6727}.Debug|x86.ActiveCfg = Debug|Any CPU
		{74C3F67B-4CEF-4EB3-B24F-BDE9117F6727}.Debug|x86.Build.0 = Debug|Any CPU
		{74C3F67B-4CEF-4EB3-B24F-BDE9117F6727}.Release|Any CPU.ActiveCfg = Release|Any CPU
		{74C3F67B-4CEF-4EB3-B24F-BDE9117F6727}.Release|Any CPU.Build.0 = Release|Any CPU
		{74C3F67B-4CEF-4EB3-B24F-BDE9117F6727}.Release|x64.ActiveCfg = Release|Any CPU
		{74C3F67B-4CEF-4EB3-B24F-BDE9117F6727}.Release|x64.Build.0 = Release|Any CPU
		{74C3F67B-4CEF-4EB3-B24F-BDE9117F6727}.Release|x86.ActiveCfg = Release|Any CPU
		{74C3F67B-4CEF-4EB3-B24F-BDE9117F6727}.Release|x86.Build.0 = Release|Any CPU
		{65F73E1D-44BA-4AC6-8520-92C5466FAA1C}.Debug|Any CPU.ActiveCfg = Debug|Any CPU
		{65F73E1D-44BA-4AC6-8520-92C5466FAA1C}.Debug|Any CPU.Build.0 = Debug|Any CPU
		{65F73E1D-44BA-4AC6-8520-92C5466FAA1C}.Debug|x64.ActiveCfg = Debug|Any CPU
		{65F73E1D-44BA-4AC6-8520-92C5466FAA1C}.Debug|x64.Build.0 = Debug|Any CPU
		{65F73E1D-44BA-4AC6-8520-92C5466FAA1C}.Debug|x86.ActiveCfg = Debug|Any CPU
		{65F73E1D-44BA-4AC6-8520-92C5466FAA1C}.Debug|x86.Build.0 = Debug|Any CPU
		{65F73E1D-44BA-4AC6-8520-92C5466FAA1C}.Release|Any CPU.ActiveCfg = Release|Any CPU
		{65F73E1D-44BA-4AC6-8520-92C5466FAA1C}.Release|Any CPU.Build.0 = Release|Any CPU
		{65F73E1D-44BA-4AC6-8520-92C5466FAA1C}.Release|x64.ActiveCfg = Release|Any CPU
		{65F73E1D-44BA-4AC6-8520-92C5466FAA1C}.Release|x64.Build.0 = Release|Any CPU
		{65F73E1D-44BA-4AC6-8520-92C5466FAA1C}.Release|x86.ActiveCfg = Release|Any CPU
		{65F73E1D-44BA-4AC6-8520-92C5466FAA1C}.Release|x86.Build.0 = Release|Any CPU
	EndGlobalSection
EndGlobal
